// !$*UTF8*$!
{
	archiveVersion = 1;
	classes = {
	};
	objectVersion = 45;
	objects = {

/* Begin PBXBuildFile section */
		092981E010A0418D00931823 /* common.m in Sources */ = {isa = PBXBuildFile; fileRef = 092981DF10A0418D00931823 /* common.m */; };
		093C8B13108490BD0089EC1E /* FBPlayerPrefs.m in Sources */ = {isa = PBXBuildFile; fileRef = 093C8B12108490BD0089EC1E /* FBPlayerPrefs.m */; };
		093C8B35108491720089EC1E /* AddressBook.framework in Frameworks */ = {isa = PBXBuildFile; fileRef = 093C8B34108491720089EC1E /* AddressBook.framework */; };
		093C8B37108491720089EC1E /* CoreFoundation.framework in Frameworks */ = {isa = PBXBuildFile; fileRef = 093C8B36108491720089EC1E /* CoreFoundation.framework */; };
		093C8B39108491720089EC1E /* CoreGraphics.framework in Frameworks */ = {isa = PBXBuildFile; fileRef = 093C8B38108491720089EC1E /* CoreGraphics.framework */; };
		093C8B3B108491720089EC1E /* libsqlite3.dylib in Frameworks */ = {isa = PBXBuildFile; fileRef = 093C8B3A108491720089EC1E /* libsqlite3.dylib */; };
		093C8B3D108491720089EC1E /* libxml2.dylib in Frameworks */ = {isa = PBXBuildFile; fileRef = 093C8B3C108491720089EC1E /* libxml2.dylib */; };
		094D312410A0394400E4146A /* Game.plist in Resources */ = {isa = PBXBuildFile; fileRef = 094D312310A0394400E4146A /* Game.plist */; };
		096ED67B10A199AF004C39B4 /* libAdWhirlDevice_1.2.0.a in Frameworks */ = {isa = PBXBuildFile; fileRef = 096ED66110A199AF004C39B4 /* libAdWhirlDevice_1.2.0.a */; };
		096ED67C10A199AF004C39B4 /* libAdWhirlSimulator_1.2.0.a in Frameworks */ = {isa = PBXBuildFile; fileRef = 096ED66210A199AF004C39B4 /* libAdWhirlSimulator_1.2.0.a */; };
		096ED67D10A199AF004C39B4 /* FBConnect.bundle in Resources */ = {isa = PBXBuildFile; fileRef = 096ED66F10A199AF004C39B4 /* FBConnect.bundle */; };
		096ED67E10A199AF004C39B4 /* FBConnectGlobal.m in Sources */ = {isa = PBXBuildFile; fileRef = 096ED67010A199AF004C39B4 /* FBConnectGlobal.m */; };
		096ED67F10A199AF004C39B4 /* FBDialog.m in Sources */ = {isa = PBXBuildFile; fileRef = 096ED67110A199AF004C39B4 /* FBDialog.m */; };
		096ED68010A199AF004C39B4 /* FBFeedDialog.m in Sources */ = {isa = PBXBuildFile; fileRef = 096ED67210A199AF004C39B4 /* FBFeedDialog.m */; };
		096ED68110A199AF004C39B4 /* FBLoginButton.m in Sources */ = {isa = PBXBuildFile; fileRef = 096ED67310A199AF004C39B4 /* FBLoginButton.m */; };
		096ED68210A199AF004C39B4 /* FBLoginDialog.m in Sources */ = {isa = PBXBuildFile; fileRef = 096ED67410A199AF004C39B4 /* FBLoginDialog.m */; };
		096ED68310A199AF004C39B4 /* FBPermissionDialog.m in Sources */ = {isa = PBXBuildFile; fileRef = 096ED67510A199AF004C39B4 /* FBPermissionDialog.m */; };
		096ED68410A199AF004C39B4 /* FBRequest.m in Sources */ = {isa = PBXBuildFile; fileRef = 096ED67610A199AF004C39B4 /* FBRequest.m */; };
		096ED68510A199AF004C39B4 /* FBSession.m in Sources */ = {isa = PBXBuildFile; fileRef = 096ED67710A199AF004C39B4 /* FBSession.m */; };
		096ED68610A199AF004C39B4 /* FBStreamDialog.m in Sources */ = {isa = PBXBuildFile; fileRef = 096ED67810A199AF004C39B4 /* FBStreamDialog.m */; };
		096ED68710A199AF004C39B4 /* FBXMLHandler.m in Sources */ = {isa = PBXBuildFile; fileRef = 096ED67A10A199AF004C39B4 /* FBXMLHandler.m */; };
		0975D5131084EB64004BC774 /* FacebookController.m in Sources */ = {isa = PBXBuildFile; fileRef = 0975D50E1084EB64004BC774 /* FacebookController.m */; };
		0975D5141084EB64004BC774 /* FacebookPermissionChecker.m in Sources */ = {isa = PBXBuildFile; fileRef = 0975D5101084EB64004BC774 /* FacebookPermissionChecker.m */; };
		0975D5151084EB64004BC774 /* UIAlertView+Utils.m in Sources */ = {isa = PBXBuildFile; fileRef = 0975D5121084EB64004BC774 /* UIAlertView+Utils.m */; };
		0975DB461085E3540007CF0B /* dummy-ad.png in Resources */ = {isa = PBXBuildFile; fileRef = 0975DB451085E3540007CF0B /* dummy-ad.png */; };
		097B02081085E5C20032F6F5 /* AdwhirlController.m in Sources */ = {isa = PBXBuildFile; fileRef = 097B02071085E5C20032F6F5 /* AdwhirlController.m */; };
		09F09D60108600C9008E29AE /* FBSession+Fix.m in Sources */ = {isa = PBXBuildFile; fileRef = 09F09D5F108600C9008E29AE /* FBSession+Fix.m */; };
		1D60589F0D05DD5A006BFB54 /* Foundation.framework in Frameworks */ = {isa = PBXBuildFile; fileRef = 1D30AB110D05D00D00671497 /* Foundation.framework */; };
		5682F4B20F3B34FF007A219C /* MediaPlayer.framework in Frameworks */ = {isa = PBXBuildFile; fileRef = 5682F4B10F3B34FF007A219C /* MediaPlayer.framework */; };
		5692F3DD0FA9D8E500EBA2F1 /* CoreLocation.framework in Frameworks */ = {isa = PBXBuildFile; fileRef = 5692F3DC0FA9D8E500EBA2F1 /* CoreLocation.framework */; };
		56BCBA390FCF049A0030C3B2 /* SystemConfiguration.framework in Frameworks */ = {isa = PBXBuildFile; fileRef = 56BCBA380FCF049A0030C3B2 /* SystemConfiguration.framework */; };
		56FD43960ED4745200FE3770 /* CFNetwork.framework in Frameworks */ = {isa = PBXBuildFile; fileRef = 56FD43950ED4745200FE3770 /* CFNetwork.framework */; };
		830B5C110E5ED4C100C7819F /* UIKit.framework in Frameworks */ = {isa = PBXBuildFile; fileRef = 830B5C100E5ED4C100C7819F /* UIKit.framework */; };
		8358D1B80ED1CC3700E3A684 /* AudioToolbox.framework in Frameworks */ = {isa = PBXBuildFile; fileRef = 8358D1B70ED1CC3700E3A684 /* AudioToolbox.framework */; };
		83B256E20E62FEA000468741 /* OpenGLES.framework in Frameworks */ = {isa = PBXBuildFile; fileRef = 83B256E10E62FEA000468741 /* OpenGLES.framework */; };
		83B2570B0E62FF8A00468741 /* QuartzCore.framework in Frameworks */ = {isa = PBXBuildFile; fileRef = 83B2570A0E62FF8A00468741 /* QuartzCore.framework */; };
		83B2574C0E63022200468741 /* OpenAL.framework in Frameworks */ = {isa = PBXBuildFile; fileRef = 83B2574B0E63022200468741 /* OpenAL.framework */; };
		83B2574F0E63025400468741 /* libiconv.2.dylib in Frameworks */ = {isa = PBXBuildFile; fileRef = 83B2574E0E63025400468741 /* libiconv.2.dylib */; };
		83DEA7430EACED0700D8A291 /* Default.png in Resources */ = {isa = PBXBuildFile; fileRef = 83DEA7410EACED0700D8A291 /* Default.png */; };
		83DEA7440EACED0700D8A291 /* Icon.png in Resources */ = {isa = PBXBuildFile; fileRef = 83DEA7420EACED0700D8A291 /* Icon.png */; };
		D82DCFC10E8000A5005D6AD8 /* AppController.mm in Sources */ = {isa = PBXBuildFile; fileRef = D82DCFB70E8000A5005D6AD8 /* AppController.mm */; };
		D82DCFC20E8000A5005D6AD8 /* iPhone_target2AppDelegate.m in Sources */ = {isa = PBXBuildFile; fileRef = D82DCFB90E8000A5005D6AD8 /* iPhone_target2AppDelegate.m */; };
		D82DCFC30E8000A5005D6AD8 /* main.mm in Sources */ = {isa = PBXBuildFile; fileRef = D82DCFBB0E8000A5005D6AD8 /* main.mm */; };
		D82DCFC40E8000A5005D6AD8 /* MainWindow.xib in Resources */ = {isa = PBXBuildFile; fileRef = D82DCFBC0E8000A5005D6AD8 /* MainWindow.xib */; };
		D82DCFC50E8000A5005D6AD8 /* RegisterClasses.cpp in Sources */ = {isa = PBXBuildFile; fileRef = D82DCFBD0E8000A5005D6AD8 /* RegisterClasses.cpp */; };
		D8A1C7000E80637F000160D4 /* Boo.Lang.dll.s in Sources */ = {isa = PBXBuildFile; fileRef = D8A1C7000E80637F100160D4 /* Boo.Lang.dll.s */; };
		D8A1C7001E80637F000160D4 /* UnityScript.Lang.dll.s in Sources */ = {isa = PBXBuildFile; fileRef = D8A1C7001E80637F100160D4 /* UnityScript.Lang.dll.s */; };
		D8A1C7002E80637F000160D4 /* mscorlib.dll.s in Sources */ = {isa = PBXBuildFile; fileRef = D8A1C7002E80637F100160D4 /* mscorlib.dll.s */; };
		D8A1C7003E80637F000160D4 /* UnityEngine.dll.s in Sources */ = {isa = PBXBuildFile; fileRef = D8A1C7003E80637F100160D4 /* UnityEngine.dll.s */; };
		D8A1C7004E80637F000160D4 /* Assembly - CSharp.dll.s in Sources */ = {isa = PBXBuildFile; fileRef = D8A1C7004E80637F100160D4 /* Assembly - CSharp.dll.s */; };
		D8A1C7005E80637F000160D4 /* Assembly - UnityScript.dll.s in Sources */ = {isa = PBXBuildFile; fileRef = D8A1C7005E80637F100160D4 /* Assembly - UnityScript.dll.s */; };
		D8A1C7280E80637F000160D3 /* RegisterMonoModules.cpp in Sources */ = {isa = PBXBuildFile; fileRef = D8A1C7240E80637F000160D3 /* RegisterMonoModules.cpp */; };
		D8A1C72B0E8063A1000160D3 /* libiPhone-lib.a in Frameworks */ = {isa = PBXBuildFile; fileRef = D8A1C72A0E8063A1000160D3 /* libiPhone-lib.a */; };
/* End PBXBuildFile section */

/* Begin PBXCopyFilesBuildPhase section */
		83D0C1FD0E6C8D7700EBCE5D /* CopyFiles */ = {
			isa = PBXCopyFilesBuildPhase;
			buildActionMask = 2147483647;
			dstPath = "";
			dstSubfolderSpec = 0;
			files = (
			);
			runOnlyForDeploymentPostprocessing = 0;
		};
/* End PBXCopyFilesBuildPhase section */

/* Begin PBXFileReference section */
		092981DF10A0418D00931823 /* common.m */ = {isa = PBXFileReference; fileEncoding = 4; lastKnownFileType = sourcecode.c.objc; name = common.m; path = Classes/common.m; sourceTree = "<group>"; };
		093C8B11108490BD0089EC1E /* FBPlayerPrefs.h */ = {isa = PBXFileReference; fileEncoding = 4; lastKnownFileType = sourcecode.c.h; name = FBPlayerPrefs.h; path = Classes/FBPlayerPrefs.h; sourceTree = "<group>"; };
		093C8B12108490BD0089EC1E /* FBPlayerPrefs.m */ = {isa = PBXFileReference; fileEncoding = 4; lastKnownFileType = sourcecode.c.objc; name = FBPlayerPrefs.m; path = Classes/FBPlayerPrefs.m; sourceTree = "<group>"; };
		093C8B34108491720089EC1E /* AddressBook.framework */ = {isa = PBXFileReference; lastKnownFileType = wrapper.framework; name = AddressBook.framework; path = System/Library/Frameworks/AddressBook.framework; sourceTree = SDKROOT; };
		093C8B36108491720089EC1E /* CoreFoundation.framework */ = {isa = PBXFileReference; lastKnownFileType = wrapper.framework; name = CoreFoundation.framework; path = System/Library/Frameworks/CoreFoundation.framework; sourceTree = SDKROOT; };
		093C8B38108491720089EC1E /* CoreGraphics.framework */ = {isa = PBXFileReference; lastKnownFileType = wrapper.framework; name = CoreGraphics.framework; path = System/Library/Frameworks/CoreGraphics.framework; sourceTree = SDKROOT; };
		093C8B3A108491720089EC1E /* libsqlite3.dylib */ = {isa = PBXFileReference; lastKnownFileType = "compiled.mach-o.dylib"; name = libsqlite3.dylib; path = usr/lib/libsqlite3.dylib; sourceTree = SDKROOT; };
		093C8B3C108491720089EC1E /* libxml2.dylib */ = {isa = PBXFileReference; lastKnownFileType = "compiled.mach-o.dylib"; name = libxml2.dylib; path = usr/lib/libxml2.dylib; sourceTree = SDKROOT; };
		094AF6AC10A03FEE007CF61A /* common.h */ = {isa = PBXFileReference; fileEncoding = 4; lastKnownFileType = sourcecode.c.h; name = common.h; path = Classes/common.h; sourceTree = "<group>"; };
		094D312310A0394400E4146A /* Game.plist */ = {isa = PBXFileReference; fileEncoding = 4; lastKnownFileType = text.plist.xml; name = Game.plist; path = ../Game.plist; sourceTree = "<group>"; };
		096ED65F10A199AF004C39B4 /* ARRollerProtocol.h */ = {isa = PBXFileReference; fileEncoding = 4; lastKnownFileType = sourcecode.c.h; path = ARRollerProtocol.h; sourceTree = "<group>"; };
		096ED66010A199AF004C39B4 /* ARRollerView.h */ = {isa = PBXFileReference; fileEncoding = 4; lastKnownFileType = sourcecode.c.h; path = ARRollerView.h; sourceTree = "<group>"; };
		096ED66110A199AF004C39B4 /* libAdWhirlDevice_1.2.0.a */ = {isa = PBXFileReference; lastKnownFileType = archive.ar; path = libAdWhirlDevice_1.2.0.a; sourceTree = "<group>"; };
		096ED66210A199AF004C39B4 /* libAdWhirlSimulator_1.2.0.a */ = {isa = PBXFileReference; lastKnownFileType = archive.ar; path = libAdWhirlSimulator_1.2.0.a; sourceTree = "<group>"; };
		096ED66510A199AF004C39B4 /* FBConnect.h */ = {isa = PBXFileReference; fileEncoding = 4; lastKnownFileType = sourcecode.c.h; path = FBConnect.h; sourceTree = "<group>"; };
		096ED66610A199AF004C39B4 /* FBConnectGlobal.h */ = {isa = PBXFileReference; fileEncoding = 4; lastKnownFileType = sourcecode.c.h; path = FBConnectGlobal.h; sourceTree = "<group>"; };
		096ED66710A199AF004C39B4 /* FBDialog.h */ = {isa = PBXFileReference; fileEncoding = 4; lastKnownFileType = sourcecode.c.h; path = FBDialog.h; sourceTree = "<group>"; };
		096ED66810A199AF004C39B4 /* FBFeedDialog.h */ = {isa = PBXFileReference; fileEncoding = 4; lastKnownFileType = sourcecode.c.h; path = FBFeedDialog.h; sourceTree = "<group>"; };
		096ED66910A199AF004C39B4 /* FBLoginButton.h */ = {isa = PBXFileReference; fileEncoding = 4; lastKnownFileType = sourcecode.c.h; path = FBLoginButton.h; sourceTree = "<group>"; };
		096ED66A10A199AF004C39B4 /* FBLoginDialog.h */ = {isa = PBXFileReference; fileEncoding = 4; lastKnownFileType = sourcecode.c.h; path = FBLoginDialog.h; sourceTree = "<group>"; };
		096ED66B10A199AF004C39B4 /* FBPermissionDialog.h */ = {isa = PBXFileReference; fileEncoding = 4; lastKnownFileType = sourcecode.c.h; path = FBPermissionDialog.h; sourceTree = "<group>"; };
		096ED66C10A199AF004C39B4 /* FBRequest.h */ = {isa = PBXFileReference; fileEncoding = 4; lastKnownFileType = sourcecode.c.h; path = FBRequest.h; sourceTree = "<group>"; };
		096ED66D10A199AF004C39B4 /* FBSession.h */ = {isa = PBXFileReference; fileEncoding = 4; lastKnownFileType = sourcecode.c.h; path = FBSession.h; sourceTree = "<group>"; };
		096ED66E10A199AF004C39B4 /* FBStreamDialog.h */ = {isa = PBXFileReference; fileEncoding = 4; lastKnownFileType = sourcecode.c.h; path = FBStreamDialog.h; sourceTree = "<group>"; };
		096ED66F10A199AF004C39B4 /* FBConnect.bundle */ = {isa = PBXFileReference; lastKnownFileType = "wrapper.plug-in"; path = FBConnect.bundle; sourceTree = "<group>"; };
		096ED67010A199AF004C39B4 /* FBConnectGlobal.m */ = {isa = PBXFileReference; fileEncoding = 4; lastKnownFileType = sourcecode.c.objc; path = FBConnectGlobal.m; sourceTree = "<group>"; };
		096ED67110A199AF004C39B4 /* FBDialog.m */ = {isa = PBXFileReference; fileEncoding = 4; lastKnownFileType = sourcecode.c.objc; path = FBDialog.m; sourceTree = "<group>"; };
		096ED67210A199AF004C39B4 /* FBFeedDialog.m */ = {isa = PBXFileReference; fileEncoding = 4; lastKnownFileType = sourcecode.c.objc; path = FBFeedDialog.m; sourceTree = "<group>"; };
		096ED67310A199AF004C39B4 /* FBLoginButton.m */ = {isa = PBXFileReference; fileEncoding = 4; lastKnownFileType = sourcecode.c.objc; path = FBLoginButton.m; sourceTree = "<group>"; };
		096ED67410A199AF004C39B4 /* FBLoginDialog.m */ = {isa = PBXFileReference; fileEncoding = 4; lastKnownFileType = sourcecode.c.objc; path = FBLoginDialog.m; sourceTree = "<group>"; };
		096ED67510A199AF004C39B4 /* FBPermissionDialog.m */ = {isa = PBXFileReference; fileEncoding = 4; lastKnownFileType = sourcecode.c.objc; path = FBPermissionDialog.m; sourceTree = "<group>"; };
		096ED67610A199AF004C39B4 /* FBRequest.m */ = {isa = PBXFileReference; fileEncoding = 4; lastKnownFileType = sourcecode.c.objc; path = FBRequest.m; sourceTree = "<group>"; };
		096ED67710A199AF004C39B4 /* FBSession.m */ = {isa = PBXFileReference; fileEncoding = 4; lastKnownFileType = sourcecode.c.objc; path = FBSession.m; sourceTree = "<group>"; };
		096ED67810A199AF004C39B4 /* FBStreamDialog.m */ = {isa = PBXFileReference; fileEncoding = 4; lastKnownFileType = sourcecode.c.objc; path = FBStreamDialog.m; sourceTree = "<group>"; };
		096ED67910A199AF004C39B4 /* FBXMLHandler.h */ = {isa = PBXFileReference; fileEncoding = 4; lastKnownFileType = sourcecode.c.h; path = FBXMLHandler.h; sourceTree = "<group>"; };
		096ED67A10A199AF004C39B4 /* FBXMLHandler.m */ = {isa = PBXFileReference; fileEncoding = 4; lastKnownFileType = sourcecode.c.objc; path = FBXMLHandler.m; sourceTree = "<group>"; };
		0975D50D1084EB64004BC774 /* FacebookController.h */ = {isa = PBXFileReference; fileEncoding = 4; lastKnownFileType = sourcecode.c.h; name = FacebookController.h; path = Classes/FacebookController.h; sourceTree = "<group>"; };
		0975D50E1084EB64004BC774 /* FacebookController.m */ = {isa = PBXFileReference; fileEncoding = 4; lastKnownFileType = sourcecode.c.objc; name = FacebookController.m; path = Classes/FacebookController.m; sourceTree = "<group>"; };
		0975D50F1084EB64004BC774 /* FacebookPermissionChecker.h */ = {isa = PBXFileReference; fileEncoding = 4; lastKnownFileType = sourcecode.c.h; name = FacebookPermissionChecker.h; path = Classes/FacebookPermissionChecker.h; sourceTree = "<group>"; };
		0975D5101084EB64004BC774 /* FacebookPermissionChecker.m */ = {isa = PBXFileReference; fileEncoding = 4; lastKnownFileType = sourcecode.c.objc; name = FacebookPermissionChecker.m; path = Classes/FacebookPermissionChecker.m; sourceTree = "<group>"; };
		0975D5111084EB64004BC774 /* UIAlertView+Utils.h */ = {isa = PBXFileReference; fileEncoding = 4; lastKnownFileType = sourcecode.c.h; name = "UIAlertView+Utils.h"; path = "Classes/UIAlertView+Utils.h"; sourceTree = "<group>"; };
		0975D5121084EB64004BC774 /* UIAlertView+Utils.m */ = {isa = PBXFileReference; fileEncoding = 4; lastKnownFileType = sourcecode.c.objc; name = "UIAlertView+Utils.m"; path = "Classes/UIAlertView+Utils.m"; sourceTree = "<group>"; };
		0975DB451085E3540007CF0B /* dummy-ad.png */ = {isa = PBXFileReference; lastKnownFileType = image.png; path = "dummy-ad.png"; sourceTree = "<group>"; };
		097B02061085E5C20032F6F5 /* AdwhirlController.h */ = {isa = PBXFileReference; fileEncoding = 4; lastKnownFileType = sourcecode.c.h; name = AdwhirlController.h; path = Classes/AdwhirlController.h; sourceTree = "<group>"; };
		097B02071085E5C20032F6F5 /* AdwhirlController.m */ = {isa = PBXFileReference; fileEncoding = 4; lastKnownFileType = sourcecode.c.objc; name = AdwhirlController.m; path = Classes/AdwhirlController.m; sourceTree = "<group>"; };
		09F09D5E108600C9008E29AE /* FBSession+Fix.h */ = {isa = PBXFileReference; fileEncoding = 4; lastKnownFileType = sourcecode.c.h; name = "FBSession+Fix.h"; path = "Classes/FBSession+Fix.h"; sourceTree = "<group>"; };
		09F09D5F108600C9008E29AE /* FBSession+Fix.m */ = {isa = PBXFileReference; fileEncoding = 4; lastKnownFileType = sourcecode.c.objc; name = "FBSession+Fix.m"; path = "Classes/FBSession+Fix.m"; sourceTree = "<group>"; };
		1D30AB110D05D00D00671497 /* Foundation.framework */ = {isa = PBXFileReference; lastKnownFileType = wrapper.framework; name = Foundation.framework; path = System/Library/Frameworks/Foundation.framework; sourceTree = SDKROOT; };
		1D6058910D05DD3D006BFB54 /* SpearFishing.app */ = {isa = PBXFileReference; explicitFileType = wrapper.application; includeInIndex = 0; path = SpearFishing.app; sourceTree = BUILT_PRODUCTS_DIR; };
		5682F4B10F3B34FF007A219C /* MediaPlayer.framework */ = {isa = PBXFileReference; lastKnownFileType = wrapper.framework; name = MediaPlayer.framework; path = System/Library/Frameworks/MediaPlayer.framework; sourceTree = SDKROOT; };
		5692F3DC0FA9D8E500EBA2F1 /* CoreLocation.framework */ = {isa = PBXFileReference; lastKnownFileType = wrapper.framework; name = CoreLocation.framework; path = System/Library/Frameworks/CoreLocation.framework; sourceTree = SDKROOT; };
		56BCBA380FCF049A0030C3B2 /* SystemConfiguration.framework */ = {isa = PBXFileReference; lastKnownFileType = wrapper.framework; name = SystemConfiguration.framework; path = System/Library/Frameworks/SystemConfiguration.framework; sourceTree = SDKROOT; };
		56FD43950ED4745200FE3770 /* CFNetwork.framework */ = {isa = PBXFileReference; lastKnownFileType = wrapper.framework; name = CFNetwork.framework; path = System/Library/Frameworks/CFNetwork.framework; sourceTree = SDKROOT; };
		830B5C100E5ED4C100C7819F /* UIKit.framework */ = {isa = PBXFileReference; lastKnownFileType = wrapper.framework; name = UIKit.framework; path = System/Library/Frameworks/UIKit.framework; sourceTree = SDKROOT; };
		8358D1B70ED1CC3700E3A684 /* AudioToolbox.framework */ = {isa = PBXFileReference; lastKnownFileType = wrapper.framework; name = AudioToolbox.framework; path = System/Library/Frameworks/AudioToolbox.framework; sourceTree = SDKROOT; };
		83B256E10E62FEA000468741 /* OpenGLES.framework */ = {isa = PBXFileReference; lastKnownFileType = wrapper.framework; name = OpenGLES.framework; path = System/Library/Frameworks/OpenGLES.framework; sourceTree = SDKROOT; };
		83B2570A0E62FF8A00468741 /* QuartzCore.framework */ = {isa = PBXFileReference; lastKnownFileType = wrapper.framework; name = QuartzCore.framework; path = System/Library/Frameworks/QuartzCore.framework; sourceTree = SDKROOT; };
		83B2574B0E63022200468741 /* OpenAL.framework */ = {isa = PBXFileReference; lastKnownFileType = wrapper.framework; name = OpenAL.framework; path = System/Library/Frameworks/OpenAL.framework; sourceTree = SDKROOT; };
		83B2574E0E63025400468741 /* libiconv.2.dylib */ = {isa = PBXFileReference; lastKnownFileType = "compiled.mach-o.dylib"; name = libiconv.2.dylib; path = usr/lib/libiconv.2.dylib; sourceTree = SDKROOT; };
		83DEA7410EACED0700D8A291 /* Default.png */ = {isa = PBXFileReference; lastKnownFileType = image.png; path = Default.png; sourceTree = "<group>"; };
		83DEA7420EACED0700D8A291 /* Icon.png */ = {isa = PBXFileReference; lastKnownFileType = image.png; path = Icon.png; sourceTree = "<group>"; };
		8D1107310486CEB800E47090 /* Info.plist */ = {isa = PBXFileReference; fileEncoding = 4; lastKnownFileType = text.plist.xml; path = Info.plist; sourceTree = "<group>"; };
		D82DCFB60E8000A5005D6AD8 /* AppController.h */ = {isa = PBXFileReference; fileEncoding = 4; lastKnownFileType = sourcecode.c.h; name = AppController.h; path = Classes/AppController.h; sourceTree = SOURCE_ROOT; };
		D82DCFB70E8000A5005D6AD8 /* AppController.mm */ = {isa = PBXFileReference; fileEncoding = 4; lastKnownFileType = sourcecode.cpp.objcpp; name = AppController.mm; path = Classes/AppController.mm; sourceTree = SOURCE_ROOT; };
		D82DCFB80E8000A5005D6AD8 /* iPhone_target2AppDelegate.h */ = {isa = PBXFileReference; fileEncoding = 4; lastKnownFileType = sourcecode.c.h; name = iPhone_target2AppDelegate.h; path = Classes/iPhone_target2AppDelegate.h; sourceTree = SOURCE_ROOT; };
		D82DCFB90E8000A5005D6AD8 /* iPhone_target2AppDelegate.m */ = {isa = PBXFileReference; fileEncoding = 4; lastKnownFileType = sourcecode.c.objc; name = iPhone_target2AppDelegate.m; path = Classes/iPhone_target2AppDelegate.m; sourceTree = SOURCE_ROOT; };
		D82DCFBA0E8000A5005D6AD8 /* iPhone_target_Prefix.pch */ = {isa = PBXFileReference; fileEncoding = 4; lastKnownFileType = sourcecode.c.h; name = iPhone_target_Prefix.pch; path = Classes/iPhone_target_Prefix.pch; sourceTree = SOURCE_ROOT; };
		D82DCFBB0E8000A5005D6AD8 /* main.mm */ = {isa = PBXFileReference; fileEncoding = 4; lastKnownFileType = sourcecode.cpp.objcpp; name = main.mm; path = Classes/main.mm; sourceTree = SOURCE_ROOT; };
		D82DCFBC0E8000A5005D6AD8 /* MainWindow.xib */ = {isa = PBXFileReference; lastKnownFileType = file.xib; name = MainWindow.xib; path = Classes/MainWindow.xib; sourceTree = SOURCE_ROOT; };
		D82DCFBD0E8000A5005D6AD8 /* RegisterClasses.cpp */ = {isa = PBXFileReference; fileEncoding = 4; lastKnownFileType = sourcecode.cpp.cpp; name = RegisterClasses.cpp; path = Classes/RegisterClasses.cpp; sourceTree = SOURCE_ROOT; };
		D82DCFBE0E8000A5005D6AD8 /* RegisterClasses.h */ = {isa = PBXFileReference; fileEncoding = 4; lastKnownFileType = sourcecode.c.h; name = RegisterClasses.h; path = Classes/RegisterClasses.h; sourceTree = SOURCE_ROOT; };
		D8A1C7000E80637F100160D4 /* Boo.Lang.dll.s */ = {isa = PBXFileReference; fileEncoding = 4; lastKnownFileType = sourcecode.asm; name = Boo.Lang.dll.s; path = Libraries/Boo.Lang.dll.s; sourceTree = SOURCE_ROOT; };
		D8A1C7001E80637F100160D4 /* UnityScript.Lang.dll.s */ = {isa = PBXFileReference; fileEncoding = 4; lastKnownFileType = sourcecode.asm; name = UnityScript.Lang.dll.s; path = Libraries/UnityScript.Lang.dll.s; sourceTree = SOURCE_ROOT; };
		D8A1C7002E80637F100160D4 /* mscorlib.dll.s */ = {isa = PBXFileReference; fileEncoding = 4; lastKnownFileType = sourcecode.asm; name = mscorlib.dll.s; path = Libraries/mscorlib.dll.s; sourceTree = SOURCE_ROOT; };
		D8A1C7003E80637F100160D4 /* UnityEngine.dll.s */ = {isa = PBXFileReference; fileEncoding = 4; lastKnownFileType = sourcecode.asm; name = UnityEngine.dll.s; path = Libraries/UnityEngine.dll.s; sourceTree = SOURCE_ROOT; };
		D8A1C7004E80637F100160D4 /* Assembly - CSharp.dll.s */ = {isa = PBXFileReference; fileEncoding = 4; lastKnownFileType = sourcecode.asm; name = "Assembly - CSharp.dll.s"; path = "Libraries/Assembly - CSharp.dll.s"; sourceTree = SOURCE_ROOT; };
		D8A1C7005E80637F100160D4 /* Assembly - UnityScript.dll.s */ = {isa = PBXFileReference; fileEncoding = 4; lastKnownFileType = sourcecode.asm; name = "Assembly - UnityScript.dll.s"; path = "Libraries/Assembly - UnityScript.dll.s"; sourceTree = SOURCE_ROOT; };
		D8A1C7240E80637F000160D3 /* RegisterMonoModules.cpp */ = {isa = PBXFileReference; fileEncoding = 4; lastKnownFileType = sourcecode.cpp.cpp; name = RegisterMonoModules.cpp; path = Libraries/RegisterMonoModules.cpp; sourceTree = SOURCE_ROOT; };
		D8A1C7250E80637F000160D3 /* RegisterMonoModules.h */ = {isa = PBXFileReference; fileEncoding = 4; lastKnownFileType = sourcecode.c.h; name = RegisterMonoModules.h; path = Libraries/RegisterMonoModules.h; sourceTree = SOURCE_ROOT; };
		D8A1C72A0E8063A1000160D3 /* libiPhone-lib.a */ = {isa = PBXFileReference; lastKnownFileType = archive.ar; name = "libiPhone-lib.a"; path = "Libraries/libiPhone-lib.a"; sourceTree = SOURCE_ROOT; };
/* End PBXFileReference section */

/* Begin PBXFrameworksBuildPhase section */
		1D60588F0D05DD3D006BFB54 /* Frameworks */ = {
			isa = PBXFrameworksBuildPhase;
			buildActionMask = 2147483647;
			files = (
				1D60589F0D05DD5A006BFB54 /* Foundation.framework in Frameworks */,
				830B5C110E5ED4C100C7819F /* UIKit.framework in Frameworks */,
				83B256E20E62FEA000468741 /* OpenGLES.framework in Frameworks */,
				83B2570B0E62FF8A00468741 /* QuartzCore.framework in Frameworks */,
				83B2574C0E63022200468741 /* OpenAL.framework in Frameworks */,
				83B2574F0E63025400468741 /* libiconv.2.dylib in Frameworks */,
				D8A1C72B0E8063A1000160D3 /* libiPhone-lib.a in Frameworks */,
				8358D1B80ED1CC3700E3A684 /* AudioToolbox.framework in Frameworks */,
				56FD43960ED4745200FE3770 /* CFNetwork.framework in Frameworks */,
				5682F4B20F3B34FF007A219C /* MediaPlayer.framework in Frameworks */,
				5692F3DD0FA9D8E500EBA2F1 /* CoreLocation.framework in Frameworks */,
				56BCBA390FCF049A0030C3B2 /* SystemConfiguration.framework in Frameworks */,
				093C8B35108491720089EC1E /* AddressBook.framework in Frameworks */,
				093C8B37108491720089EC1E /* CoreFoundation.framework in Frameworks */,
				093C8B39108491720089EC1E /* CoreGraphics.framework in Frameworks */,
				093C8B3B108491720089EC1E /* libsqlite3.dylib in Frameworks */,
				093C8B3D108491720089EC1E /* libxml2.dylib in Frameworks */,
				096ED67B10A199AF004C39B4 /* libAdWhirlDevice_1.2.0.a in Frameworks */,
				096ED67C10A199AF004C39B4 /* libAdWhirlSimulator_1.2.0.a in Frameworks */,
			);
			runOnlyForDeploymentPostprocessing = 0;
		};
/* End PBXFrameworksBuildPhase section */

/* Begin PBXGroup section */
		096ED65E10A199AF004C39B4 /* Adwhirl */ = {
			isa = PBXGroup;
			children = (
				096ED65F10A199AF004C39B4 /* ARRollerProtocol.h */,
				096ED66010A199AF004C39B4 /* ARRollerView.h */,
				096ED66110A199AF004C39B4 /* libAdWhirlDevice_1.2.0.a */,
				096ED66210A199AF004C39B4 /* libAdWhirlSimulator_1.2.0.a */,
			);
			path = Adwhirl;
			sourceTree = "<group>";
		};
		096ED66310A199AF004C39B4 /* fbconnect */ = {
			isa = PBXGroup;
			children = (
				096ED66410A199AF004C39B4 /* FBConnect */,
				096ED66F10A199AF004C39B4 /* FBConnect.bundle */,
				096ED67010A199AF004C39B4 /* FBConnectGlobal.m */,
				096ED67110A199AF004C39B4 /* FBDialog.m */,
				096ED67210A199AF004C39B4 /* FBFeedDialog.m */,
				096ED67310A199AF004C39B4 /* FBLoginButton.m */,
				096ED67410A199AF004C39B4 /* FBLoginDialog.m */,
				096ED67510A199AF004C39B4 /* FBPermissionDialog.m */,
				096ED67610A199AF004C39B4 /* FBRequest.m */,
				096ED67710A199AF004C39B4 /* FBSession.m */,
				096ED67810A199AF004C39B4 /* FBStreamDialog.m */,
				096ED67910A199AF004C39B4 /* FBXMLHandler.h */,
				096ED67A10A199AF004C39B4 /* FBXMLHandler.m */,
			);
			path = fbconnect;
			sourceTree = "<group>";
		};
		096ED66410A199AF004C39B4 /* FBConnect */ = {
			isa = PBXGroup;
			children = (
				096ED66510A199AF004C39B4 /* FBConnect.h */,
				096ED66610A199AF004C39B4 /* FBConnectGlobal.h */,
				096ED66710A199AF004C39B4 /* FBDialog.h */,
				096ED66810A199AF004C39B4 /* FBFeedDialog.h */,
				096ED66910A199AF004C39B4 /* FBLoginButton.h */,
				096ED66A10A199AF004C39B4 /* FBLoginDialog.h */,
				096ED66B10A199AF004C39B4 /* FBPermissionDialog.h */,
				096ED66C10A199AF004C39B4 /* FBRequest.h */,
				096ED66D10A199AF004C39B4 /* FBSession.h */,
				096ED66E10A199AF004C39B4 /* FBStreamDialog.h */,
			);
			path = FBConnect;
			sourceTree = "<group>";
		};
		0975CA1F1084A27E004BC774 /* OtherSources */ = {
			isa = PBXGroup;
			children = (
				096ED65E10A199AF004C39B4 /* Adwhirl */,
				096ED66310A199AF004C39B4 /* fbconnect */,
				094AF6AC10A03FEE007CF61A /* common.h */,
				092981DF10A0418D00931823 /* common.m */,
				097B02061085E5C20032F6F5 /* AdwhirlController.h */,
				097B02071085E5C20032F6F5 /* AdwhirlController.m */,
				093C8B11108490BD0089EC1E /* FBPlayerPrefs.h */,
				093C8B12108490BD0089EC1E /* FBPlayerPrefs.m */,
				09F09D5E108600C9008E29AE /* FBSession+Fix.h */,
				09F09D5F108600C9008E29AE /* FBSession+Fix.m */,
				0975D50D1084EB64004BC774 /* FacebookController.h */,
				0975D50E1084EB64004BC774 /* FacebookController.m */,
				0975D50F1084EB64004BC774 /* FacebookPermissionChecker.h */,
				0975D5101084EB64004BC774 /* FacebookPermissionChecker.m */,
				0975D5111084EB64004BC774 /* UIAlertView+Utils.h */,
				0975D5121084EB64004BC774 /* UIAlertView+Utils.m */,
			);
			name = OtherSources;
			sourceTree = "<group>";
		};
		097B01FB1085E5530032F6F5 /* img */ = {
			isa = PBXGroup;
			children = (
				0975DB451085E3540007CF0B /* dummy-ad.png */,
			);
			name = img;
			sourceTree = "<group>";
		};
		19C28FACFE9D520D11CA2CBB /* Products */ = {
			isa = PBXGroup;
			children = (
				1D6058910D05DD3D006BFB54 /* SpearFishing.app */,
			);
			name = Products;
			sourceTree = "<group>";
		};
		29B97314FDCFA39411CA2CEA /* CustomTemplate */ = {
			isa = PBXGroup;
			children = (
				097B01FB1085E5530032F6F5 /* img */,
				0975CA1F1084A27E004BC774 /* OtherSources */,
				56BCBA380FCF049A0030C3B2 /* SystemConfiguration.framework */,
				5692F3DC0FA9D8E500EBA2F1 /* CoreLocation.framework */,
				5682F4B10F3B34FF007A219C /* MediaPlayer.framework */,
				83DEA7410EACED0700D8A291 /* Default.png */,
				83DEA7420EACED0700D8A291 /* Icon.png */,
				D82DCFB50E8000A5005D6AD8 /* Classes */,
				D8A1C7220E80637F000160D3 /* Libraries */,
				8D1107310486CEB800E47090 /* Info.plist */,
				094D312310A0394400E4146A /* Game.plist */,
				29B97323FDCFA39411CA2CEA /* Frameworks */,
				19C28FACFE9D520D11CA2CBB /* Products */,
				830B5C100E5ED4C100C7819F /* UIKit.framework */,
				83B256E10E62FEA000468741 /* OpenGLES.framework */,
				83B2570A0E62FF8A00468741 /* QuartzCore.framework */,
				83B2574B0E63022200468741 /* OpenAL.framework */,
				83B2574E0E63025400468741 /* libiconv.2.dylib */,
				56FD43950ED4745200FE3770 /* CFNetwork.framework */,
				8358D1B70ED1CC3700E3A684 /* AudioToolbox.framework */,
				093C8B34108491720089EC1E /* AddressBook.framework */,
				093C8B36108491720089EC1E /* CoreFoundation.framework */,
				093C8B38108491720089EC1E /* CoreGraphics.framework */,
				093C8B3A108491720089EC1E /* libsqlite3.dylib */,
				093C8B3C108491720089EC1E /* libxml2.dylib */,
			);
			name = CustomTemplate;
			sourceTree = "<group>";
		};
		29B97323FDCFA39411CA2CEA /* Frameworks */ = {
			isa = PBXGroup;
			children = (
				1D30AB110D05D00D00671497 /* Foundation.framework */,
			);
			name = Frameworks;
			sourceTree = "<group>";
		};
		D82DCFB50E8000A5005D6AD8 /* Classes */ = {
			isa = PBXGroup;
			children = (
				D82DCFB60E8000A5005D6AD8 /* AppController.h */,
				D82DCFB70E8000A5005D6AD8 /* AppController.mm */,
				D82DCFB80E8000A5005D6AD8 /* iPhone_target2AppDelegate.h */,
				D82DCFB90E8000A5005D6AD8 /* iPhone_target2AppDelegate.m */,
				D82DCFBA0E8000A5005D6AD8 /* iPhone_target_Prefix.pch */,
				D82DCFBB0E8000A5005D6AD8 /* main.mm */,
				D82DCFBC0E8000A5005D6AD8 /* MainWindow.xib */,
				D82DCFBD0E8000A5005D6AD8 /* RegisterClasses.cpp */,
				D82DCFBE0E8000A5005D6AD8 /* RegisterClasses.h */,
			);
			path = Classes;
			sourceTree = SOURCE_ROOT;
		};
		D8A1C7220E80637F000160D3 /* Libraries */ = {
			isa = PBXGroup;
			children = (
				D8A1C72A0E8063A1000160D3 /* libiPhone-lib.a */,
				D8A1C7000E80637F100160D4 /* Boo.Lang.dll.s */,
				D8A1C7001E80637F100160D4 /* UnityScript.Lang.dll.s */,
				D8A1C7002E80637F100160D4 /* mscorlib.dll.s */,
				D8A1C7003E80637F100160D4 /* UnityEngine.dll.s */,
				D8A1C7004E80637F100160D4 /* Assembly - CSharp.dll.s */,
				D8A1C7005E80637F100160D4 /* Assembly - UnityScript.dll.s */,
				D8A1C7240E80637F000160D3 /* RegisterMonoModules.cpp */,
				D8A1C7250E80637F000160D3 /* RegisterMonoModules.h */,
			);
			path = Libraries;
			sourceTree = SOURCE_ROOT;
		};
/* End PBXGroup section */

/* Begin PBXNativeTarget section */
		1D6058900D05DD3D006BFB54 /* Unity-iPhone */ = {
			isa = PBXNativeTarget;
			buildConfigurationList = 1D6058960D05DD3E006BFB54 /* Build configuration list for PBXNativeTarget "Unity-iPhone" */;
			buildPhases = (
				1D60588D0D05DD3D006BFB54 /* Resources */,
				83D0C1FB0E6C8D5900EBCE5D /* ShellScript */,
				83D0C1FD0E6C8D7700EBCE5D /* CopyFiles */,
				1D60588E0D05DD3D006BFB54 /* Sources */,
				1D60588F0D05DD3D006BFB54 /* Frameworks */,
			);
			buildRules = (
			);
			dependencies = (
			);
			name = "Unity-iPhone";
			productName = "iPhone-target";
			productReference = 1D6058910D05DD3D006BFB54 /* SpearFishing.app */;
			productType = "com.apple.product-type.application";
		};
/* End PBXNativeTarget section */

/* Begin PBXProject section */
		29B97313FDCFA39411CA2CEA /* Project object */ = {
			isa = PBXProject;
			buildConfigurationList = C01FCF4E08A954540054247B /* Build configuration list for PBXProject "Unity-iPhone" */;
			compatibilityVersion = "Xcode 3.1";
			hasScannedForEncodings = 1;
			mainGroup = 29B97314FDCFA39411CA2CEA /* CustomTemplate */;
			projectDirPath = "";
			projectRoot = "";
			targets = (
				1D6058900D05DD3D006BFB54 /* Unity-iPhone */,
			);
		};
/* End PBXProject section */

/* Begin PBXResourcesBuildPhase section */
		1D60588D0D05DD3D006BFB54 /* Resources */ = {
			isa = PBXResourcesBuildPhase;
			buildActionMask = 2147483647;
			files = (
				D82DCFC40E8000A5005D6AD8 /* MainWindow.xib in Resources */,
				83DEA7430EACED0700D8A291 /* Default.png in Resources */,
				83DEA7440EACED0700D8A291 /* Icon.png in Resources */,
				0975DB461085E3540007CF0B /* dummy-ad.png in Resources */,
				094D312410A0394400E4146A /* Game.plist in Resources */,
				096ED67D10A199AF004C39B4 /* FBConnect.bundle in Resources */,
			);
			runOnlyForDeploymentPostprocessing = 0;
		};
/* End PBXResourcesBuildPhase section */

/* Begin PBXShellScriptBuildPhase section */
		83D0C1FB0E6C8D5900EBCE5D /* ShellScript */ = {
			isa = PBXShellScriptBuildPhase;
			buildActionMask = 2147483647;
			files = (
			);
			inputPaths = (
			);
			outputPaths = (
			);
			runOnlyForDeploymentPostprocessing = 0;
			shellPath = /bin/sh;
			shellScript = "rm -rf \"$TARGET_BUILD_DIR/$PRODUCT_NAME.app/Data\"\ncp -Rf \"$BUILT_PRODUCTS_DIR/../Data\" \"$TARGET_BUILD_DIR/$PRODUCT_NAME.app/Data\"";
		};
/* End PBXShellScriptBuildPhase section */

/* Begin PBXSourcesBuildPhase section */
		1D60588E0D05DD3D006BFB54 /* Sources */ = {
			isa = PBXSourcesBuildPhase;
			buildActionMask = 2147483647;
			files = (
				D82DCFC10E8000A5005D6AD8 /* AppController.mm in Sources */,
				D82DCFC20E8000A5005D6AD8 /* iPhone_target2AppDelegate.m in Sources */,
				D82DCFC30E8000A5005D6AD8 /* main.mm in Sources */,
				D82DCFC50E8000A5005D6AD8 /* RegisterClasses.cpp in Sources */,
				D8A1C7000E80637F000160D4 /* Boo.Lang.dll.s in Sources */,
				D8A1C7001E80637F000160D4 /* UnityScript.Lang.dll.s in Sources */,
				D8A1C7002E80637F000160D4 /* mscorlib.dll.s in Sources */,
				D8A1C7003E80637F000160D4 /* UnityEngine.dll.s in Sources */,
				D8A1C7004E80637F000160D4 /* Assembly - CSharp.dll.s in Sources */,
				D8A1C7005E80637F000160D4 /* Assembly - UnityScript.dll.s in Sources */,
				D8A1C7280E80637F000160D3 /* RegisterMonoModules.cpp in Sources */,
				093C8B13108490BD0089EC1E /* FBPlayerPrefs.m in Sources */,
				0975D5131084EB64004BC774 /* FacebookController.m in Sources */,
				0975D5141084EB64004BC774 /* FacebookPermissionChecker.m in Sources */,
				0975D5151084EB64004BC774 /* UIAlertView+Utils.m in Sources */,
				097B02081085E5C20032F6F5 /* AdwhirlController.m in Sources */,
				09F09D60108600C9008E29AE /* FBSession+Fix.m in Sources */,
				092981E010A0418D00931823 /* common.m in Sources */,
				096ED67E10A199AF004C39B4 /* FBConnectGlobal.m in Sources */,
				096ED67F10A199AF004C39B4 /* FBDialog.m in Sources */,
				096ED68010A199AF004C39B4 /* FBFeedDialog.m in Sources */,
				096ED68110A199AF004C39B4 /* FBLoginButton.m in Sources */,
				096ED68210A199AF004C39B4 /* FBLoginDialog.m in Sources */,
				096ED68310A199AF004C39B4 /* FBPermissionDialog.m in Sources */,
				096ED68410A199AF004C39B4 /* FBRequest.m in Sources */,
				096ED68510A199AF004C39B4 /* FBSession.m in Sources */,
				096ED68610A199AF004C39B4 /* FBStreamDialog.m in Sources */,
				096ED68710A199AF004C39B4 /* FBXMLHandler.m in Sources */,
			);
			runOnlyForDeploymentPostprocessing = 0;
		};
/* End PBXSourcesBuildPhase section */

/* Begin XCBuildConfiguration section */
		1D6058940D05DD3E006BFB54 /* Debug */ = {
			isa = XCBuildConfiguration;
			buildSettings = {
				ALWAYS_SEARCH_USER_PATHS = NO;
				ARCHS = armv6;
				CONFIGURATION_BUILD_DIR = "$(BUILD_DIR)";
				COPY_PHASE_STRIP = NO;
				GCC_DYNAMIC_NO_PIC = NO;
				GCC_OPTIMIZATION_LEVEL = 0;
				GCC_PRECOMPILE_PREFIX_HEADER = YES;
				GCC_PREFIX_HEADER = Classes/iPhone_target_Prefix.pch;
				GCC_USE_INDIRECT_FUNCTION_CALLS = NO;
				INFOPLIST_FILE = Info.plist;
				LIBRARY_SEARCH_PATHS = (
					"$(inherited)",
					"\"$(SRCROOT)\"",
					"\"$(SRCROOT)/Libraries\"",
					"\"$(SRCROOT)/../AdWhirl\"",
					"\"$(SRCROOT)/Adwhirl\"",
				);
				PRODUCT_NAME = SpearFishing;
			};
			name = Debug;
		};
		1D6058950D05DD3E006BFB54 /* Release */ = {
			isa = XCBuildConfiguration;
			buildSettings = {
				ALWAYS_SEARCH_USER_PATHS = NO;
				ARCHS = armv6;
				CONFIGURATION_BUILD_DIR = "$(BUILD_DIR)";
				COPY_PHASE_STRIP = YES;
				DEBUG_INFORMATION_FORMAT = dwarf;
				GCC_PRECOMPILE_PREFIX_HEADER = YES;
				GCC_PREFIX_HEADER = Classes/iPhone_target_Prefix.pch;
				INFOPLIST_FILE = Info.plist;
				LIBRARY_SEARCH_PATHS = (
					"$(inherited)",
					"\"$(SRCROOT)\"",
					"\"$(SRCROOT)/Libraries\"",
					"\"$(SRCROOT)/../AdWhirl\"",
					"\"$(SRCROOT)/Adwhirl\"",
				);
				ONLY_ACTIVE_ARCH = YES;
				PRODUCT_NAME = SpearFishing;
			};
			name = Release;
		};
		C01FCF4F08A954540054247B /* Debug */ = {
			isa = XCBuildConfiguration;
			buildSettings = {
				ARCHS = armv6;
				"CODE_SIGN_IDENTITY[sdk=iphoneos*]" = "iPhone Developer";
				GCC_C_LANGUAGE_STANDARD = c99;
				GCC_ENABLE_CPP_EXCEPTIONS = NO;
				GCC_ENABLE_CPP_RTTI = NO;
				GCC_ENABLE_OBJC_EXCEPTIONS = NO;
				GCC_THUMB_SUPPORT = NO;
				GCC_USE_INDIRECT_FUNCTION_CALLS = YES;
				GCC_WARN_ABOUT_RETURN_TYPE = YES;
				GCC_WARN_UNUSED_VARIABLE = YES;
				HEADER_SEARCH_PATHS = fbconnect;
				ONLY_ACTIVE_ARCH = YES;
				OTHER_LDFLAGS = "-ObjC";
				PREBINDING = NO;
				SDKROOT = iphoneos2.0;
			};
			name = Debug;
		};
		C01FCF5008A954540054247B /* Release */ = {
			isa = XCBuildConfiguration;
			buildSettings = {
				ARCHS = armv6;
				"CODE_SIGN_IDENTITY[sdk=iphoneos*]" = "iPhone Developer";
				GCC_C_LANGUAGE_STANDARD = c99;
				GCC_ENABLE_CPP_EXCEPTIONS = NO;
				GCC_ENABLE_CPP_RTTI = NO;
				GCC_ENABLE_OBJC_EXCEPTIONS = NO;
				GCC_GENERATE_DEBUGGING_SYMBOLS = NO;
				GCC_THUMB_SUPPORT = NO;
				GCC_USE_INDIRECT_FUNCTION_CALLS = NO;
				GCC_WARN_ABOUT_RETURN_TYPE = YES;
				GCC_WARN_UNUSED_VARIABLE = YES;
				HEADER_SEARCH_PATHS = fbconnect;
				OTHER_LDFLAGS = "-Wl,-S,-x";
				PREBINDING = NO;
				SDKROOT = iphoneos2.0;
			};
			name = Release;
		};
/* End XCBuildConfiguration section */

/* Begin XCConfigurationList section */
		1D6058960D05DD3E006BFB54 /* Build configuration list for PBXNativeTarget "Unity-iPhone" */ = {
			isa = XCConfigurationList;
			buildConfigurations = (
				1D6058950D05DD3E006BFB54 /* Release */,
				1D6058940D05DD3E006BFB54 /* Debug */,
			);
			defaultConfigurationIsVisible = 0;
			defaultConfigurationName = Release;
		};
		C01FCF4E08A954540054247B /* Build configuration list for PBXProject "Unity-iPhone" */ = {
			isa = XCConfigurationList;
			buildConfigurations = (
				C01FCF5008A954540054247B /* Release */,
				C01FCF4F08A954540054247B /* Debug */,
			);
			defaultConfigurationIsVisible = 0;
			defaultConfigurationName = Release;
		};
/* End XCConfigurationList section */
	};
	rootObject = 29B97313FDCFA39411CA2CEA /* Project object */;
}
